
Microsoft Visual Studio Solution File, Format Version 12.00
# Visual Studio Version 16
VisualStudioVersion = 16.0.29215.179
MinimumVisualStudioVersion = 10.0.40219.1
Project("{FAE04EC0-301F-11D3-BF4B-00C04F79EFBC}") = "Ejercicio ASP.NET MVC", "Ejercicio ASP.NET MVC.csproj", "{A338B8EB-1D4A-4457-A24D-086EE5EE71F3}"
EndProject
Global
	GlobalSection(SolutionConfigurationPlatforms) = preSolution
		Debug|Any CPU = Debug|Any CPU
		Release|Any CPU = Release|Any CPU
	EndGlobalSection
	GlobalSection(ProjectConfigurationPlatforms) = postSolution
		{A338B8EB-1D4A-4457-A24D-086EE5EE71F3}.Debug|Any CPU.ActiveCfg = Debug|Any CPU
		{A338B8EB-1D4A-4457-A24D-086EE5EE71F3}.Debug|Any CPU.Build.0 = Debug|Any CPU
		{A338B8EB-1D4A-4457-A24D-086EE5EE71F3}.Release|Any CPU.ActiveCfg = Release|Any CPU
		{A338B8EB-1D4A-4457-A24D-086EE5EE71F3}.Release|Any CPU.Build.0 = Release|Any CPU
	EndGlobalSection
	GlobalSection(SolutionProperties) = preSolution
		HideSolutionNode = FALSE
	EndGlobalSection
	GlobalSection(ExtensibilityGlobals) = postSolution
		SolutionGuid = {5B7A9B81-18C8-45A2-8982-21002003E87F}
	EndGlobalSection
EndGlobal
